
Microsoft Visual Studio Solution File, Format Version 12.00
# Visual Studio Version 17
VisualStudioVersion = 17.1.32210.238
MinimumVisualStudioVersion = 10.0.40219.1
Project("{FAE04EC0-301F-11D3-BF4B-00C04F79EFBC}") = "GI-Subtitles", "GI-Subtitles\GI-Subtitles.csproj", "{8352D7DA-8B24-49AB-A76A-E96CB707F6CE}"
EndProject
Project("{FAE04EC0-301F-11D3-BF4B-00C04F79EFBC}") = "Screenshot", "Screenshot\Screenshot.csproj", "{38B15FC5-1EA1-45E6-A219-9D5DFE95AFF0}"
EndProject
Project("{FAE04EC0-301F-11D3-BF4B-00C04F79EFBC}") = "GI-Test", "GI-Test\GI-Test.csproj", "{2B1B3932-4371-41F0-BC3F-0734E69940D9}"
EndProject
Project("{FAE04EC0-301F-11D3-BF4B-00C04F79EFBC}") = "PaddleOCRSharp", "PaddleOCRSharp\PaddleOCRSharp.csproj", "{A1B2C3D4-E5F6-7890-ABCD-EF1234567890}"
EndProject
Global
	GlobalSection(SolutionConfigurationPlatforms) = preSolution
		Debug|Any CPU = Debug|Any CPU
		Debug|x64 = Debug|x64
		Debug|x86 = Debug|x86
		Release|Any CPU = Release|Any CPU
		Release|x64 = Release|x64
		Release|x86 = Release|x86
	EndGlobalSection
	GlobalSection(ProjectConfigurationPlatforms) = postSolution
		{8352D7DA-8B24-49AB-A76A-E96CB707F6CE}.Debug|Any CPU.ActiveCfg = Debug|Any CPU
		{8352D7DA-8B24-49AB-A76A-E96CB707F6CE}.Debug|Any CPU.Build.0 = Debug|Any CPU
		{8352D7DA-8B24-49AB-A76A-E96CB707F6CE}.Debug|x64.ActiveCfg = Debug|Any CPU
		{8352D7DA-8B24-49AB-A76A-E96CB707F6CE}.Debug|x64.Build.0 = Debug|Any CPU
		{8352D7DA-8B24-49AB-A76A-E96CB707F6CE}.Debug|x86.ActiveCfg = Debug|Any CPU
		{8352D7DA-8B24-49AB-A76A-E96CB707F6CE}.Debug|x86.Build.0 = Debug|Any CPU
		{8352D7DA-8B24-49AB-A76A-E96CB707F6CE}.Release|Any CPU.ActiveCfg = Release|Any CPU
		{8352D7DA-8B24-49AB-A76A-E96CB707F6CE}.Release|Any CPU.Build.0 = Release|Any CPU
		{8352D7DA-8B24-49AB-A76A-E96CB707F6CE}.Release|x64.ActiveCfg = Release|Any CPU
		{8352D7DA-8B24-49AB-A76A-E96CB707F6CE}.Release|x64.Build.0 = Release|Any CPU
		{8352D7DA-8B24-49AB-A76A-E96CB707F6CE}.Release|x86.ActiveCfg = Release|Any CPU
		{8352D7DA-8B24-49AB-A76A-E96CB707F6CE}.Release|x86.Build.0 = Release|Any CPU
		{38B15FC5-1EA1-45E6-A219-9D5DFE95AFF0}.Debug|Any CPU.ActiveCfg = Debug|Any CPU
		{38B15FC5-1EA1-45E6-A219-9D5DFE95AFF0}.Debug|Any CPU.Build.0 = Debug|Any CPU
		{38B15FC5-1EA1-45E6-A219-9D5DFE95AFF0}.Debug|x64.ActiveCfg = Debug|Any CPU
		{38B15FC5-1EA1-45E6-A219-9D5DFE95AFF0}.Debug|x64.Build.0 = Debug|Any CPU
		{38B15FC5-1EA1-45E6-A219-9D5DFE95AFF0}.Debug|x86.ActiveCfg = Debug|Any CPU
		{38B15FC5-1EA1-45E6-A219-9D5DFE95AFF0}.Debug|x86.Build.0 = Debug|Any CPU
		{38B15FC5-1EA1-45E6-A219-9D5DFE95AFF0}.Release|Any CPU.ActiveCfg = Release|Any CPU
		{38B15FC5-1EA1-45E6-A219-9D5DFE95AFF0}.Release|Any CPU.Build.0 = Release|Any CPU
		{38B15FC5-1EA1-45E6-A219-9D5DFE95AFF0}.Release|x64.ActiveCfg = Release|Any CPU
		{38B15FC5-1EA1-45E6-A219-9D5DFE95AFF0}.Release|x64.Build.0 = Release|Any CPU
		{38B15FC5-1EA1-45E6-A219-9D5DFE95AFF0}.Release|x86.ActiveCfg = Release|Any CPU
		{38B15FC5-1EA1-45E6-A219-9D5DFE95AFF0}.Release|x86.Build.0 = Release|Any CPU
		{2B1B3932-4371-41F0-BC3F-0734E69940D9}.Debug|Any CPU.ActiveCfg = Debug|Any CPU
		{2B1B3932-4371-41F0-BC3F-0734E69940D9}.Debug|Any CPU.Build.0 = Debug|Any CPU
		{2B1B3932-4371-41F0-BC3F-0734E69940D9}.Debug|x64.ActiveCfg = Debug|Any CPU
		{2B1B3932-4371-41F0-BC3F-0734E69940D9}.Debug|x64.Build.0 = Debug|Any CPU
		{2B1B3932-4371-41F0-BC3F-0734E69940D9}.Debug|x86.ActiveCfg = Debug|Any CPU
		{2B1B3932-4371-41F0-BC3F-0734E69940D9}.Debug|x86.Build.0 = Debug|Any CPU
		{2B1B3932-4371-41F0-BC3F-0734E69940D9}.Release|Any CPU.ActiveCfg = Release|Any CPU
		{2B1B3932-4371-41F0-BC3F-0734E69940D9}.Release|Any CPU.Build.0 = Release|Any CPU
		{2B1B3932-4371-41F0-BC3F-0734E69940D9}.Release|x64.ActiveCfg = Release|Any CPU
		{2B1B3932-4371-41F0-BC3F-0734E69940D9}.Release|x64.Build.0 = Release|Any CPU
		{2B1B3932-4371-41F0-BC3F-0734E69940D9}.Release|x86.ActiveCfg = Release|Any CPU
		{2B1B3932-4371-41F0-BC3F-0734E69940D9}.Release|x86.Build.0 = Release|Any CPU
		{A1B2C3D4-E5F6-7890-ABCD-EF1234567890}.Debug|Any CPU.ActiveCfg = Debug|Any CPU
		{A1B2C3D4-E5F6-7890-ABCD-EF1234567890}.Debug|Any CPU.Build.0 = Debug|Any CPU
		{A1B2C3D4-E5F6-7890-ABCD-EF1234567890}.Debug|x64.ActiveCfg = Debug|Any CPU
		{A1B2C3D4-E5F6-7890-ABCD-EF1234567890}.Debug|x64.Build.0 = Debug|Any CPU
		{A1B2C3D4-E5F6-7890-ABCD-EF1234567890}.Debug|x86.ActiveCfg = Debug|Any CPU
		{A1B2C3D4-E5F6-7890-ABCD-EF1234567890}.Debug|x86.Build.0 = Debug|Any CPU
		{A1B2C3D4-E5F6-7890-ABCD-EF1234567890}.Release|Any CPU.ActiveCfg = Release|Any CPU
		{A1B2C3D4-E5F6-7890-ABCD-EF1234567890}.Release|Any CPU.Build.0 = Release|Any CPU
		{A1B2C3D4-E5F6-7890-ABCD-EF1234567890}.Release|x64.ActiveCfg = Release|Any CPU
		{A1B2C3D4-E5F6-7890-ABCD-EF1234567890}.Release|x64.Build.0 = Release|Any CPU
		{A1B2C3D4-E5F6-7890-ABCD-EF1234567890}.Release|x86.ActiveCfg = Release|Any CPU
		{A1B2C3D4-E5F6-7890-ABCD-EF1234567890}.Release|x86.Build.0 = Release|Any CPU
	EndGlobalSection
	GlobalSection(SolutionProperties) = preSolution
		HideSolutionNode = FALSE
	EndGlobalSection
	GlobalSection(ExtensibilityGlobals) = postSolution
		SolutionGuid = {383D8198-0875-459A-9EEC-D4A0E519ECCA}
	EndGlobalSection
EndGlobal
